
Microsoft Visual Studio Solution File, Format Version 12.00
# Visual Studio Version 17
VisualStudioVersion = 17.0.31903.59
MinimumVisualStudioVersion = 10.0.40219.1
Project("{FAE04EC0-301F-11D3-BF4B-00C04F79EFBC}") = "WordPieceTokenizer", "WordPieceTokenizer\WordPieceTokenizer.csproj", "{F6A5372A-8FF0-4A7D-90E7-B515EC795351}"
EndProject
Project("{FAE04EC0-301F-11D3-BF4B-00C04F79EFBC}") = "WordPieceTokenizerTests", "WordPieceTokenizerTests\WordPieceTokenizerTests.csproj", "{BAB99199-2E2A-497E-BE3F-440D90359A0F}"
EndProject
Project("{FAE04EC0-301F-11D3-BF4B-00C04F79EFBC}") = "ConsoleTester", "ConsoleTester\ConsoleTester.csproj", "{821678A1-5F06-4622-AB13-E844E462DE6D}"
EndProject
Global
	GlobalSection(SolutionConfigurationPlatforms) = preSolution
		Debug|Any CPU = Debug|Any CPU
		Release|Any CPU = Release|Any CPU
	EndGlobalSection
	GlobalSection(ProjectConfigurationPlatforms) = postSolution
		{F6A5372A-8FF0-4A7D-90E7-B515EC795351}.Debug|Any CPU.ActiveCfg = Debug|Any CPU
		{F6A5372A-8FF0-4A7D-90E7-B515EC795351}.Debug|Any CPU.Build.0 = Debug|Any CPU
		{F6A5372A-8FF0-4A7D-90E7-B515EC795351}.Release|Any CPU.ActiveCfg = Release|Any CPU
		{F6A5372A-8FF0-4A7D-90E7-B515EC795351}.Release|Any CPU.Build.0 = Release|Any CPU
		{BAB99199-2E2A-497E-BE3F-440D90359A0F}.Debug|Any CPU.ActiveCfg = Debug|Any CPU
		{BAB99199-2E2A-497E-BE3F-440D90359A0F}.Debug|Any CPU.Build.0 = Debug|Any CPU
		{BAB99199-2E2A-497E-BE3F-440D90359A0F}.Release|Any CPU.ActiveCfg = Release|Any CPU
		{BAB99199-2E2A-497E-BE3F-440D90359A0F}.Release|Any CPU.Build.0 = Release|Any CPU
		{821678A1-5F06-4622-AB13-E844E462DE6D}.Debug|Any CPU.ActiveCfg = Debug|Any CPU
		{821678A1-5F06-4622-AB13-E844E462DE6D}.Debug|Any CPU.Build.0 = Debug|Any CPU
		{821678A1-5F06-4622-AB13-E844E462DE6D}.Release|Any CPU.ActiveCfg = Release|Any CPU
		{821678A1-5F06-4622-AB13-E844E462DE6D}.Release|Any CPU.Build.0 = Release|Any CPU
	EndGlobalSection
	GlobalSection(SolutionProperties) = preSolution
		HideSolutionNode = FALSE
	EndGlobalSection
EndGlobal
